
Microsoft Visual Studio Solution File, Format Version 12.00
# Visual Studio 15
VisualStudioVersion = 15.0.34112.143
MinimumVisualStudioVersion = 10.0.40219.1
Project("{8BC9CEB8-8B4A-11D0-8D11-00A0C91BC942}") = "2.21", "2.21\2.21.vcxproj", "{9987CCD8-1587-4808-8B3C-F9049F57651F}"
EndProject
Project("{8BC9CEB8-8B4A-11D0-8D11-00A0C91BC942}") = "2.23", "2.23\2.23.vcxproj", "{EE052C84-E3E8-480F-AE04-F34A4ECE8FB4}"
EndProject
Project("{8BC9CEB8-8B4A-11D0-8D11-00A0C91BC942}") = "2.24", "2.24\2.24.vcxproj", "{A17EF1C8-8AEF-413F-893A-386A01E90B9E}"
EndProject
Project("{8BC9CEB8-8B4A-11D0-8D11-00A0C91BC942}") = "2.25", "2.25\2.25.vcxproj", "{7C4A0317-4114-458D-91BF-1D8ADA72737D}"
EndProject
Project("{8BC9CEB8-8B4A-11D0-8D11-00A0C91BC942}") = "2.26", "2.26\2.26.vcxproj", "{0BDD8E02-2CBF-47A0-B598-D2E6C58226A2}"
EndProject
Project("{8BC9CEB8-8B4A-11D0-8D11-00A0C91BC942}") = "2.27", "2.27\2.27.vcxproj", "{CB7216D4-90A0-4E82-8C6E-CE63235739D0}"
EndProject
Project("{8BC9CEB8-8B4A-11D0-8D11-00A0C91BC942}") = "2.31", "2.31\2.31.vcxproj", "{68B20146-6184-41C7-A59A-9543A0600E40}"
EndProject
Project("{8BC9CEB8-8B4A-11D0-8D11-00A0C91BC942}") = "2.32", "2.32\2.32.vcxproj", "{F4F9797A-910E-4DD8-B97B-61DC96FA28A5}"
EndProject
Project("{8BC9CEB8-8B4A-11D0-8D11-00A0C91BC942}") = "2.33", "2.33\2.33.vcxproj", "{7AECB19B-7B40-4792-9B60-99F3DDA4C417}"
EndProject
Global
	GlobalSection(SolutionConfigurationPlatforms) = preSolution
		Debug|x64 = Debug|x64
		Debug|x86 = Debug|x86
		Release|x64 = Release|x64
		Release|x86 = Release|x86
	EndGlobalSection
	GlobalSection(ProjectConfigurationPlatforms) = postSolution
		{9987CCD8-1587-4808-8B3C-F9049F57651F}.Debug|x64.ActiveCfg = Debug|x64
		{9987CCD8-1587-4808-8B3C-F9049F57651F}.Debug|x64.Build.0 = Debug|x64
		{9987CCD8-1587-4808-8B3C-F9049F57651F}.Debug|x86.ActiveCfg = Debug|Win32
		{9987CCD8-1587-4808-8B3C-F9049F57651F}.Debug|x86.Build.0 = Debug|Win32
		{9987CCD8-1587-4808-8B3C-F9049F57651F}.Release|x64.ActiveCfg = Release|x64
		{9987CCD8-1587-4808-8B3C-F9049F57651F}.Release|x64.Build.0 = Release|x64
		{9987CCD8-1587-4808-8B3C-F9049F57651F}.Release|x86.ActiveCfg = Release|Win32
		{9987CCD8-1587-4808-8B3C-F9049F57651F}.Release|x86.Build.0 = Release|Win32
		{EE052C84-E3E8-480F-AE04-F34A4ECE8FB4}.Debug|x64.ActiveCfg = Debug|x64
		{EE052C84-E3E8-480F-AE04-F34A4ECE8FB4}.Debug|x64.Build.0 = Debug|x64
		{EE052C84-E3E8-480F-AE04-F34A4ECE8FB4}.Debug|x86.ActiveCfg = Debug|Win32
		{EE052C84-E3E8-480F-AE04-F34A4ECE8FB4}.Debug|x86.Build.0 = Debug|Win32
		{EE052C84-E3E8-480F-AE04-F34A4ECE8FB4}.Release|x64.ActiveCfg = Release|x64
		{EE052C84-E3E8-480F-AE04-F34A4ECE8FB4}.Release|x64.Build.0 = Release|x64
		{EE052C84-E3E8-480F-AE04-F34A4ECE8FB4}.Release|x86.ActiveCfg = Release|Win32
		{EE052C84-E3E8-480F-AE04-F34A4ECE8FB4}.Release|x86.Build.0 = Release|Win32
		{A17EF1C8-8AEF-413F-893A-386A01E90B9E}.Debug|x64.ActiveCfg = Debug|x64
		{A17EF1C8-8AEF-413F-893A-386A01E90B9E}.Debug|x64.Build.0 = Debug|x64
		{A17EF1C8-8AEF-413F-893A-386A01E90B9E}.Debug|x86.ActiveCfg = Debug|Win32
		{A17EF1C8-8AEF-413F-893A-386A01E90B9E}.Debug|x86.Build.0 = Debug|Win32
		{A17EF1C8-8AEF-413F-893A-386A01E90B9E}.Release|x64.ActiveCfg = Release|x64
		{A17EF1C8-8AEF-413F-893A-386A01E90B9E}.Release|x64.Build.0 = Release|x64
		{A17EF1C8-8AEF-413F-893A-386A01E90B9E}.Release|x86.ActiveCfg = Release|Win32
		{A17EF1C8-8AEF-413F-893A-386A01E90B9E}.Release|x86.Build.0 = Release|Win32
		{7C4A0317-4114-458D-91BF-1D8ADA72737D}.Debug|x64.ActiveCfg = Debug|x64
		{7C4A0317-4114-458D-91BF-1D8ADA72737D}.Debug|x64.Build.0 = Debug|x64
		{7C4A0317-4114-458D-91BF-1D8ADA72737D}.Debug|x86.ActiveCfg = Debug|Win32
		{7C4A0317-4114-458D-91BF-1D8ADA72737D}.Debug|x86.Build.0 = Debug|Win32
		{7C4A0317-4114-458D-91BF-1D8ADA72737D}.Release|x64.ActiveCfg = Release|x64
		{7C4A0317-4114-458D-91BF-1D8ADA72737D}.Release|x64.Build.0 = Release|x64
		{7C4A0317-4114-458D-91BF-1D8ADA72737D}.Release|x86.ActiveCfg = Release|Win32
		{7C4A0317-4114-458D-91BF-1D8ADA72737D}.Release|x86.Build.0 = Release|Win32
		{0BDD8E02-2CBF-47A0-B598-D2E6C58226A2}.Debug|x64.ActiveCfg = Debug|x64
		{0BDD8E02-2CBF-47A0-B598-D2E6C58226A2}.Debug|x64.Build.0 = Debug|x64
		{0BDD8E02-2CBF-47A0-B598-D2E6C58226A2}.Debug|x86.ActiveCfg = Debug|Win32
		{0BDD8E02-2CBF-47A0-B598-D2E6C58226A2}.Debug|x86.Build.0 = Debug|Win32
		{0BDD8E02-2CBF-47A0-B598-D2E6C58226A2}.Release|x64.ActiveCfg = Release|x64
		{0BDD8E02-2CBF-47A0-B598-D2E6C58226A2}.Release|x64.Build.0 = Release|x64
		{0BDD8E02-2CBF-47A0-B598-D2E6C58226A2}.Release|x86.ActiveCfg = Release|Win32
		{0BDD8E02-2CBF-47A0-B598-D2E6C58226A2}.Release|x86.Build.0 = Release|Win32
		{CB7216D4-90A0-4E82-8C6E-CE63235739D0}.Debug|x64.ActiveCfg = Debug|x64
		{CB7216D4-90A0-4E82-8C6E-CE63235739D0}.Debug|x64.Build.0 = Debug|x64
		{CB7216D4-90A0-4E82-8C6E-CE63235739D0}.Debug|x86.ActiveCfg = Debug|Win32
		{CB7216D4-90A0-4E82-8C6E-CE63235739D0}.Debug|x86.Build.0 = Debug|Win32
		{CB7216D4-90A0-4E82-8C6E-CE63235739D0}.Release|x64.ActiveCfg = Release|x64
		{CB7216D4-90A0-4E82-8C6E-CE63235739D0}.Release|x64.Build.0 = Release|x64
		{CB7216D4-90A0-4E82-8C6E-CE63235739D0}.Release|x86.ActiveCfg = Release|Win32
		{CB7216D4-90A0-4E82-8C6E-CE63235739D0}.Release|x86.Build.0 = Release|Win32
		{68B20146-6184-41C7-A59A-9543A0600E40}.Debug|x64.ActiveCfg = Debug|x64
		{68B20146-6184-41C7-A59A-9543A0600E40}.Debug|x64.Build.0 = Debug|x64
		{68B20146-6184-41C7-A59A-9543A0600E40}.Debug|x86.ActiveCfg = Debug|Win32
		{68B20146-6184-41C7-A59A-9543A0600E40}.Debug|x86.Build.0 = Debug|Win32
		{68B20146-6184-41C7-A59A-9543A0600E40}.Release|x64.ActiveCfg = Release|x64
		{68B20146-6184-41C7-A59A-9543A0600E40}.Release|x64.Build.0 = Release|x64
		{68B20146-6184-41C7-A59A-9543A0600E40}.Release|x86.ActiveCfg = Release|Win32
		{68B20146-6184-41C7-A59A-9543A0600E40}.Release|x86.Build.0 = Release|Win32
		{F4F9797A-910E-4DD8-B97B-61DC96FA28A5}.Debug|x64.ActiveCfg = Debug|x64
		{F4F9797A-910E-4DD8-B97B-61DC96FA28A5}.Debug|x64.Build.0 = Debug|x64
		{F4F9797A-910E-4DD8-B97B-61DC96FA28A5}.Debug|x86.ActiveCfg = Debug|Win32
		{F4F9797A-910E-4DD8-B97B-61DC96FA28A5}.Debug|x86.Build.0 = Debug|Win32
		{F4F9797A-910E-4DD8-B97B-61DC96FA28A5}.Release|x64.ActiveCfg = Release|x64
		{F4F9797A-910E-4DD8-B97B-61DC96FA28A5}.Release|x64.Build.0 = Release|x64
		{F4F9797A-910E-4DD8-B97B-61DC96FA28A5}.Release|x86.ActiveCfg = Release|Win32
		{F4F9797A-910E-4DD8-B97B-61DC96FA28A5}.Release|x86.Build.0 = Release|Win32
		{7AECB19B-7B40-4792-9B60-99F3DDA4C417}.Debug|x64.ActiveCfg = Debug|x64
		{7AECB19B-7B40-4792-9B60-99F3DDA4C417}.Debug|x64.Build.0 = Debug|x64
		{7AECB19B-7B40-4792-9B60-99F3DDA4C417}.Debug|x86.ActiveCfg = Debug|Win32
		{7AECB19B-7B40-4792-9B60-99F3DDA4C417}.Debug|x86.Build.0 = Debug|Win32
		{7AECB19B-7B40-4792-9B60-99F3DDA4C417}.Release|x64.ActiveCfg = Release|x64
		{7AECB19B-7B40-4792-9B60-99F3DDA4C417}.Release|x64.Build.0 = Release|x64
		{7AECB19B-7B40-4792-9B60-99F3DDA4C417}.Release|x86.ActiveCfg = Release|Win32
		{7AECB19B-7B40-4792-9B60-99F3DDA4C417}.Release|x86.Build.0 = Release|Win32
	EndGlobalSection
	GlobalSection(SolutionProperties) = preSolution
		HideSolutionNode = FALSE
	EndGlobalSection
	GlobalSection(ExtensibilityGlobals) = postSolution
		SolutionGuid = {4A8BF70E-DE77-40B1-8326-508BCE8C21A0}
	EndGlobalSection
EndGlobal
